Microsoft Visual Studio Solution File, Format Version 11.00
# Visual Studio 2008

Project("{D54C2D5D-CBC8-3BE0-93DF-41F61EAF324A}") = "W.A.V.E", "Assembly-CSharp.csproj", "{4222954B-85AC-71D3-CF0F-3164C3615BA4}"
EndProject
Global
	GlobalSection(SolutionConfigurationPlatforms) = preSolution
		Debug|Any CPU = Debug|Any CPU
		Release|Any CPU = Release|Any CPU
	EndGlobalSection
	GlobalSection(ProjectConfigurationPlatforms) = postSolution
		{4222954B-85AC-71D3-CF0F-3164C3615BA4}.Debug|Any CPU.ActiveCfg = Debug|Any CPU
		{4222954B-85AC-71D3-CF0F-3164C3615BA4}.Debug|Any CPU.Build.0 = Debug|Any CPU
		{4222954B-85AC-71D3-CF0F-3164C3615BA4}.Release|Any CPU.ActiveCfg = Release|Any CPU
		{4222954B-85AC-71D3-CF0F-3164C3615BA4}.Release|Any CPU.Build.0 = Release|Any CPU
	EndGlobalSection
	GlobalSection(SolutionProperties) = preSolution
		HideSolutionNode = FALSE
	EndGlobalSection
	GlobalSection(MonoDevelopProperties) = preSolution
		StartupItem = Assembly-CSharp.csproj
	EndGlobalSection
EndGlobal
